# This file is automatically @generated by Cargo.
# It is not intended for manual editing.
version = 3

[[package]]
name = "log4j-portscan"
version = "0.1.0"
dependencies = [
 "paris",
]

[[package]]
name = "paris"
version = "1.5.8"
source = "registry+https://github.com/rust-lang/crates.io-index"
checksum = "a25b44bc50356452ab4fdcdd6d6b0f70eddc4f9fd16c9ba142f69e74fb195165"
